
Microsoft Visual Studio Solution File, Format Version 12.00
# Visual Studio 15
VisualStudioVersion = 15.0.28307.1622
MinimumVisualStudioVersion = 10.0.40219.1
Project("{FAE04EC0-301F-11D3-BF4B-00C04F79EFBC}") = "InternProject_Demo_22", "InternProject_Demo_22\InternProject_Demo_22.csproj", "{08BB8D81-2B91-4BDA-9F6F-3B65FBF7246C}"
EndProject
Global
	GlobalSection(SolutionConfigurationPlatforms) = preSolution
		Debug|Any CPU = Debug|Any CPU
		Release|Any CPU = Release|Any CPU
	EndGlobalSection
	GlobalSection(ProjectConfigurationPlatforms) = postSolution
		{08BB8D81-2B91-4BDA-9F6F-3B65FBF7246C}.Debug|Any CPU.ActiveCfg = Debug|Any CPU
		{08BB8D81-2B91-4BDA-9F6F-3B65FBF7246C}.Debug|Any CPU.Build.0 = Debug|Any CPU
		{08BB8D81-2B91-4BDA-9F6F-3B65FBF7246C}.Release|Any CPU.ActiveCfg = Release|Any CPU
		{08BB8D81-2B91-4BDA-9F6F-3B65FBF7246C}.Release|Any CPU.Build.0 = Release|Any CPU
	EndGlobalSection
	GlobalSection(SolutionProperties) = preSolution
		HideSolutionNode = FALSE
	EndGlobalSection
	GlobalSection(ExtensibilityGlobals) = postSolution
		SolutionGuid = {764334BA-0DEA-4DFA-9DEA-E2AE00FF3714}
	EndGlobalSection
EndGlobal
